
Microsoft Visual Studio Solution File, Format Version 12.00
# Visual Studio Version 17
VisualStudioVersion = 17.8.34309.116
MinimumVisualStudioVersion = 10.0.40219.1
Project("{9A19103F-16F7-4668-BE54-9A1E7A4F7556}") = "AnishCeDev.CoachingMentoring.Coaching.Web.Api", "AnishCeDev.CoachingMentoring.Coaching\AnishCeDev.CoachingMentoring.Coaching.Web.Api.csproj", "{6C148ED1-972D-4A3A-AB5C-C0E330B62C2B}"
EndProject
Global
	GlobalSection(SolutionConfigurationPlatforms) = preSolution
		Debug|Any CPU = Debug|Any CPU
		Release|Any CPU = Release|Any CPU
	EndGlobalSection
	GlobalSection(ProjectConfigurationPlatforms) = postSolution
		{6C148ED1-972D-4A3A-AB5C-C0E330B62C2B}.Debug|Any CPU.ActiveCfg = Debug|Any CPU
		{6C148ED1-972D-4A3A-AB5C-C0E330B62C2B}.Debug|Any CPU.Build.0 = Debug|Any CPU
		{6C148ED1-972D-4A3A-AB5C-C0E330B62C2B}.Release|Any CPU.ActiveCfg = Release|Any CPU
		{6C148ED1-972D-4A3A-AB5C-C0E330B62C2B}.Release|Any CPU.Build.0 = Release|Any CPU
	EndGlobalSection
	GlobalSection(SolutionProperties) = preSolution
		HideSolutionNode = FALSE
	EndGlobalSection
	GlobalSection(ExtensibilityGlobals) = postSolution
		SolutionGuid = {FA0A800C-4FC3-4CE5-AFAC-568F106E0C5D}
	EndGlobalSection
EndGlobal
