
Microsoft Visual Studio Solution File, Format Version 12.00
# Visual Studio Version 17
VisualStudioVersion = 17.8.34309.116
MinimumVisualStudioVersion = 10.0.40219.1
Project("{FAE04EC0-301F-11D3-BF4B-00C04F79EFBC}") = "AnishCeDev.CoachingMentoring.Identity", "AnishCeDev.CoachingMentoring.Identity\AnishCeDev.CoachingMentoring.Identity.csproj", "{C8F8AD40-B9D1-43B4-B42E-8A08301E2EE0}"
EndProject
Global
	GlobalSection(SolutionConfigurationPlatforms) = preSolution
		Debug|Any CPU = Debug|Any CPU
		Release|Any CPU = Release|Any CPU
	EndGlobalSection
	GlobalSection(ProjectConfigurationPlatforms) = postSolution
		{C8F8AD40-B9D1-43B4-B42E-8A08301E2EE0}.Debug|Any CPU.ActiveCfg = Debug|Any CPU
		{C8F8AD40-B9D1-43B4-B42E-8A08301E2EE0}.Debug|Any CPU.Build.0 = Debug|Any CPU
		{C8F8AD40-B9D1-43B4-B42E-8A08301E2EE0}.Release|Any CPU.ActiveCfg = Release|Any CPU
		{C8F8AD40-B9D1-43B4-B42E-8A08301E2EE0}.Release|Any CPU.Build.0 = Release|Any CPU
	EndGlobalSection
	GlobalSection(SolutionProperties) = preSolution
		HideSolutionNode = FALSE
	EndGlobalSection
	GlobalSection(ExtensibilityGlobals) = postSolution
		SolutionGuid = {94C95D18-53A8-49F0-83E4-DE863565B0CB}
	EndGlobalSection
EndGlobal
