
Microsoft Visual Studio Solution File, Format Version 12.00
# Visual Studio Version 17
VisualStudioVersion = 17.12.35514.174
MinimumVisualStudioVersion = 10.0.40219.1
Project("{FAE04EC0-301F-11D3-BF4B-00C04F79EFBC}") = "AnishCeDev.TaskManagement.Task.Data", "Data\AnishCeDev.TaskManagement.Task.Data.csproj", "{73E3A82B-A666-42C2-A2FE-05E574022763}"
EndProject
Project("{FAE04EC0-301F-11D3-BF4B-00C04F79EFBC}") = "AnishCeDev.TaskManagement.Task.Domain", "Domain\AnishCeDev.TaskManagement.Task.Domain.csproj", "{BE39D401-6316-4D48-BDAC-D295EE57B705}"
EndProject
Project("{FAE04EC0-301F-11D3-BF4B-00C04F79EFBC}") = "AnishCeDev.TaskManagement.Task.Infra", "Infra\AnishCeDev.TaskManagement.Task.Infra.csproj", "{27C2516D-E4BF-4C42-8F8E-CC991DE87CCA}"
EndProject
Project("{FAE04EC0-301F-11D3-BF4B-00C04F79EFBC}") = "AnishCeDev.TaskManagement.Task.Web.Api", "Web.Api\AnishCeDev.TaskManagement.Task.Web.Api.csproj", "{6179078F-CC48-4FDC-8AA1-6090289B72B4}"
EndProject
Global
	GlobalSection(SolutionConfigurationPlatforms) = preSolution
		Debug|Any CPU = Debug|Any CPU
		Release|Any CPU = Release|Any CPU
	EndGlobalSection
	GlobalSection(ProjectConfigurationPlatforms) = postSolution
		{73E3A82B-A666-42C2-A2FE-05E574022763}.Debug|Any CPU.ActiveCfg = Debug|Any CPU
		{73E3A82B-A666-42C2-A2FE-05E574022763}.Debug|Any CPU.Build.0 = Debug|Any CPU
		{73E3A82B-A666-42C2-A2FE-05E574022763}.Release|Any CPU.ActiveCfg = Release|Any CPU
		{73E3A82B-A666-42C2-A2FE-05E574022763}.Release|Any CPU.Build.0 = Release|Any CPU
		{BE39D401-6316-4D48-BDAC-D295EE57B705}.Debug|Any CPU.ActiveCfg = Debug|Any CPU
		{BE39D401-6316-4D48-BDAC-D295EE57B705}.Debug|Any CPU.Build.0 = Debug|Any CPU
		{BE39D401-6316-4D48-BDAC-D295EE57B705}.Release|Any CPU.ActiveCfg = Release|Any CPU
		{BE39D401-6316-4D48-BDAC-D295EE57B705}.Release|Any CPU.Build.0 = Release|Any CPU
		{27C2516D-E4BF-4C42-8F8E-CC991DE87CCA}.Debug|Any CPU.ActiveCfg = Debug|Any CPU
		{27C2516D-E4BF-4C42-8F8E-CC991DE87CCA}.Debug|Any CPU.Build.0 = Debug|Any CPU
		{27C2516D-E4BF-4C42-8F8E-CC991DE87CCA}.Release|Any CPU.ActiveCfg = Release|Any CPU
		{27C2516D-E4BF-4C42-8F8E-CC991DE87CCA}.Release|Any CPU.Build.0 = Release|Any CPU
		{6179078F-CC48-4FDC-8AA1-6090289B72B4}.Debug|Any CPU.ActiveCfg = Debug|Any CPU
		{6179078F-CC48-4FDC-8AA1-6090289B72B4}.Debug|Any CPU.Build.0 = Debug|Any CPU
		{6179078F-CC48-4FDC-8AA1-6090289B72B4}.Release|Any CPU.ActiveCfg = Release|Any CPU
		{6179078F-CC48-4FDC-8AA1-6090289B72B4}.Release|Any CPU.Build.0 = Release|Any CPU
	EndGlobalSection
	GlobalSection(SolutionProperties) = preSolution
		HideSolutionNode = FALSE
	EndGlobalSection
EndGlobal
