
Microsoft Visual Studio Solution File, Format Version 12.00
# Visual Studio Version 17
VisualStudioVersion = 17.12.35514.174
MinimumVisualStudioVersion = 10.0.40219.1
Project("{FAE04EC0-301F-11D3-BF4B-00C04F79EFBC}") = "AnishCeDev.TaskManagement.Task.Infra", "AnishCeDev.TaskManagement.Task.Infra\AnishCeDev.TaskManagement.Task.Infra.csproj", "{4BCBA1E8-6C96-4DFA-B2D2-897CD343160D}"
EndProject
Project("{FAE04EC0-301F-11D3-BF4B-00C04F79EFBC}") = "AnishCeDev.TaskManagement.Task.Data", "AnishCeDev.TaskManagement.Task.Data\AnishCeDev.TaskManagement.Task.Data.csproj", "{734389C7-8DEA-4A7A-8A49-D2B80911EC4B}"
EndProject
Project("{FAE04EC0-301F-11D3-BF4B-00C04F79EFBC}") = "AnishCeDev.TaskManagement.Task.Domain", "AnishCeDev.TaskManagement.Task.Domain\AnishCeDev.TaskManagement.Task.Domain.csproj", "{AA80DABA-C881-4631-8C2B-10FEBCE4641A}"
EndProject
Project("{FAE04EC0-301F-11D3-BF4B-00C04F79EFBC}") = "AnishCeDev.TaskManagement.Task.Web.Api", "AnishCeDev.TaskManagement.Task.Web.Api\AnishCeDev.TaskManagement.Task.Web.Api.csproj", "{FF4C3340-5603-4FCD-AB8A-052D83EE869A}"
EndProject
Global
	GlobalSection(SolutionConfigurationPlatforms) = preSolution
		Debug|Any CPU = Debug|Any CPU
		Release|Any CPU = Release|Any CPU
	EndGlobalSection
	GlobalSection(ProjectConfigurationPlatforms) = postSolution
		{4BCBA1E8-6C96-4DFA-B2D2-897CD343160D}.Debug|Any CPU.ActiveCfg = Debug|Any CPU
		{4BCBA1E8-6C96-4DFA-B2D2-897CD343160D}.Debug|Any CPU.Build.0 = Debug|Any CPU
		{4BCBA1E8-6C96-4DFA-B2D2-897CD343160D}.Release|Any CPU.ActiveCfg = Release|Any CPU
		{4BCBA1E8-6C96-4DFA-B2D2-897CD343160D}.Release|Any CPU.Build.0 = Release|Any CPU
		{734389C7-8DEA-4A7A-8A49-D2B80911EC4B}.Debug|Any CPU.ActiveCfg = Debug|Any CPU
		{734389C7-8DEA-4A7A-8A49-D2B80911EC4B}.Debug|Any CPU.Build.0 = Debug|Any CPU
		{734389C7-8DEA-4A7A-8A49-D2B80911EC4B}.Release|Any CPU.ActiveCfg = Release|Any CPU
		{734389C7-8DEA-4A7A-8A49-D2B80911EC4B}.Release|Any CPU.Build.0 = Release|Any CPU
		{AA80DABA-C881-4631-8C2B-10FEBCE4641A}.Debug|Any CPU.ActiveCfg = Debug|Any CPU
		{AA80DABA-C881-4631-8C2B-10FEBCE4641A}.Debug|Any CPU.Build.0 = Debug|Any CPU
		{AA80DABA-C881-4631-8C2B-10FEBCE4641A}.Release|Any CPU.ActiveCfg = Release|Any CPU
		{AA80DABA-C881-4631-8C2B-10FEBCE4641A}.Release|Any CPU.Build.0 = Release|Any CPU
		{FF4C3340-5603-4FCD-AB8A-052D83EE869A}.Debug|Any CPU.ActiveCfg = Debug|Any CPU
		{FF4C3340-5603-4FCD-AB8A-052D83EE869A}.Debug|Any CPU.Build.0 = Debug|Any CPU
		{FF4C3340-5603-4FCD-AB8A-052D83EE869A}.Release|Any CPU.ActiveCfg = Release|Any CPU
		{FF4C3340-5603-4FCD-AB8A-052D83EE869A}.Release|Any CPU.Build.0 = Release|Any CPU
	EndGlobalSection
	GlobalSection(SolutionProperties) = preSolution
		HideSolutionNode = FALSE
	EndGlobalSection
EndGlobal
